{
  "name": "Vermuth",
  "lockfileVersion": 2,
  "requires": true,
  "packages": {
    "": {
      "dependencies": {
        "artnet": "^1.4.0"
      }
    },
    "node_modules/artnet": {
      "version": "1.4.0",
      "resolved": "https://registry.npmjs.org/artnet/-/artnet-1.4.0.tgz",
      "integrity": "sha1-jwDYllrNwzBIbOOfzBI8eeL/fEU="
    }
  },
  "dependencies": {
    "artnet": {
      "version": "1.4.0",
      "resolved": "https://registry.npmjs.org/artnet/-/artnet-1.4.0.tgz",
      "integrity": "sha1-jwDYllrNwzBIbOOfzBI8eeL/fEU="
    }
  }
}
